
Microsoft Visual Studio Solution File, Format Version 12.00
# Visual Studio Version 16
VisualStudioVersion = 16.0.30804.86
MinimumVisualStudioVersion = 10.0.40219.1
Project("{FAE04EC0-301F-11D3-BF4B-00C04F79EFBC}") = "OpenClosePrinciple", "OpenClosePrinciple.csproj", "{5EE7C9AE-2951-4372-9E62-7BE2374F7747}"
EndProject
Global
	GlobalSection(SolutionConfigurationPlatforms) = preSolution
		Debug|Any CPU = Debug|Any CPU
		Release|Any CPU = Release|Any CPU
	EndGlobalSection
	GlobalSection(ProjectConfigurationPlatforms) = postSolution
		{5EE7C9AE-2951-4372-9E62-7BE2374F7747}.Debug|Any CPU.ActiveCfg = Debug|Any CPU
		{5EE7C9AE-2951-4372-9E62-7BE2374F7747}.Debug|Any CPU.Build.0 = Debug|Any CPU
		{5EE7C9AE-2951-4372-9E62-7BE2374F7747}.Release|Any CPU.ActiveCfg = Release|Any CPU
		{5EE7C9AE-2951-4372-9E62-7BE2374F7747}.Release|Any CPU.Build.0 = Release|Any CPU
	EndGlobalSection
	GlobalSection(SolutionProperties) = preSolution
		HideSolutionNode = FALSE
	EndGlobalSection
	GlobalSection(ExtensibilityGlobals) = postSolution
		SolutionGuid = {D5D6B75B-5344-4FE2-91DD-E57C8F502652}
	EndGlobalSection
EndGlobal
